
Microsoft Visual Studio Solution File, Format Version 12.00
# Visual Studio Version 17
VisualStudioVersion = 17.3.32929.385
MinimumVisualStudioVersion = 10.0.40219.1
Project("{9A19103F-16F7-4668-BE54-9A1E7A4F7556}") = "MinimalQueues.AwsSqs", "MinimalQueues.AwsSqs\MinimalQueues.AwsSqs.csproj", "{1C568706-DEB4-4B61-9637-864B51F41F50}"
EndProject
Project("{9A19103F-16F7-4668-BE54-9A1E7A4F7556}") = "MinimalQueues.AzureServiceBus", "MinimalQueues.AzureServiceBus\MinimalQueues.AzureServiceBus.csproj", "{4C52F7C5-8B94-40D2-B8D9-ABD735777A2A}"
EndProject
Project("{9A19103F-16F7-4668-BE54-9A1E7A4F7556}") = "MinimalQueues.Core", "MinimalQueues.Core\MinimalQueues.Core.csproj", "{18CF1B49-BE5F-4CB6-9F84-1B8AEA11FB99}"
EndProject
Project("{9A19103F-16F7-4668-BE54-9A1E7A4F7556}") = "MinimalQueues", "MinimalQueues\MinimalQueues.csproj", "{FC443D8F-A6C9-4A2D-9002-CE8664B9EAC2}"
EndProject
Project("{FAE04EC0-301F-11D3-BF4B-00C04F79EFBC}") = "MinimalQueues.AwsLambdaSqs", "MinimalQueues.AwsLambdaSqs\MinimalQueues.AwsLambdaSqs.csproj", "{5387F903-1586-4124-9211-CB8D4C792A36}"
EndProject
Global
	GlobalSection(SolutionConfigurationPlatforms) = preSolution
		Debug|Any CPU = Debug|Any CPU
		Release|Any CPU = Release|Any CPU
	EndGlobalSection
	GlobalSection(ProjectConfigurationPlatforms) = postSolution
		{1C568706-DEB4-4B61-9637-864B51F41F50}.Debug|Any CPU.ActiveCfg = Debug|Any CPU
		{1C568706-DEB4-4B61-9637-864B51F41F50}.Debug|Any CPU.Build.0 = Debug|Any CPU
		{1C568706-DEB4-4B61-9637-864B51F41F50}.Release|Any CPU.ActiveCfg = Release|Any CPU
		{1C568706-DEB4-4B61-9637-864B51F41F50}.Release|Any CPU.Build.0 = Release|Any CPU
		{4C52F7C5-8B94-40D2-B8D9-ABD735777A2A}.Debug|Any CPU.ActiveCfg = Debug|Any CPU
		{4C52F7C5-8B94-40D2-B8D9-ABD735777A2A}.Debug|Any CPU.Build.0 = Debug|Any CPU
		{4C52F7C5-8B94-40D2-B8D9-ABD735777A2A}.Release|Any CPU.ActiveCfg = Release|Any CPU
		{4C52F7C5-8B94-40D2-B8D9-ABD735777A2A}.Release|Any CPU.Build.0 = Release|Any CPU
		{18CF1B49-BE5F-4CB6-9F84-1B8AEA11FB99}.Debug|Any CPU.ActiveCfg = Debug|Any CPU
		{18CF1B49-BE5F-4CB6-9F84-1B8AEA11FB99}.Debug|Any CPU.Build.0 = Debug|Any CPU
		{18CF1B49-BE5F-4CB6-9F84-1B8AEA11FB99}.Release|Any CPU.ActiveCfg = Release|Any CPU
		{18CF1B49-BE5F-4CB6-9F84-1B8AEA11FB99}.Release|Any CPU.Build.0 = Release|Any CPU
		{FC443D8F-A6C9-4A2D-9002-CE8664B9EAC2}.Debug|Any CPU.ActiveCfg = Debug|Any CPU
		{FC443D8F-A6C9-4A2D-9002-CE8664B9EAC2}.Debug|Any CPU.Build.0 = Debug|Any CPU
		{FC443D8F-A6C9-4A2D-9002-CE8664B9EAC2}.Release|Any CPU.ActiveCfg = Release|Any CPU
		{FC443D8F-A6C9-4A2D-9002-CE8664B9EAC2}.Release|Any CPU.Build.0 = Release|Any CPU
		{5387F903-1586-4124-9211-CB8D4C792A36}.Debug|Any CPU.ActiveCfg = Debug|Any CPU
		{5387F903-1586-4124-9211-CB8D4C792A36}.Debug|Any CPU.Build.0 = Debug|Any CPU
		{5387F903-1586-4124-9211-CB8D4C792A36}.Release|Any CPU.ActiveCfg = Release|Any CPU
		{5387F903-1586-4124-9211-CB8D4C792A36}.Release|Any CPU.Build.0 = Release|Any CPU
	EndGlobalSection
	GlobalSection(SolutionProperties) = preSolution
		HideSolutionNode = FALSE
	EndGlobalSection
	GlobalSection(ExtensibilityGlobals) = postSolution
		SolutionGuid = {C9708ABD-5902-4C11-94BA-548675AC7291}
	EndGlobalSection
EndGlobal
